{
	"name": "@dan-nz/stylelint-config",
	"version": "0.9.0",
	"lockfileVersion": 1,
	"requires": true,
	"dependencies": {
		"fast-diff": {
			"version": "1.2.0",
			"resolved": "https://registry.npmjs.org/fast-diff/-/fast-diff-1.2.0.tgz",
			"integrity": "sha512-xJuoT5+L99XlZ8twedaRf6Ax2TgQVxvgZOYoPKqZufmJib0tL2tegPBOZb1pVNgIhlqDlA0eO0c3wBvQcmzx4w=="
		},
		"prettier-linter-helpers": {
			"version": "1.0.0",
			"resolved": "https://registry.npmjs.org/prettier-linter-helpers/-/prettier-linter-helpers-1.0.0.tgz",
			"integrity": "sha512-GbK2cP9nraSSUF9N2XwUwqfzlAFlMNYYl+ShE/V+H8a9uNl/oUqB1w2EL54Jh0OlyRSd8RfWYJ3coVS4TROP2w==",
			"requires": {
				"fast-diff": "^1.1.2"
			}
		},
		"stylelint-config-prettier": {
			"version": "8.0.2",
			"resolved": "https://registry.npmjs.org/stylelint-config-prettier/-/stylelint-config-prettier-8.0.2.tgz",
			"integrity": "sha512-TN1l93iVTXpF9NJstlvP7nOu9zY2k+mN0NSFQ/VEGz15ZIP9ohdDZTtCWHs5LjctAhSAzaILULGbgiM0ItId3A=="
		},
		"stylelint-config-recommended": {
			"version": "4.0.0",
			"resolved": "https://registry.npmjs.org/stylelint-config-recommended/-/stylelint-config-recommended-4.0.0.tgz",
			"integrity": "sha512-sgna89Ng+25Hr9kmmaIxpGWt2LStVm1xf1807PdcWasiPDaOTkOHRL61sINw0twky7QMzafCGToGDnHT/kTHtQ=="
		},
		"stylelint-config-standard": {
			"version": "21.0.0",
			"resolved": "https://registry.npmjs.org/stylelint-config-standard/-/stylelint-config-standard-21.0.0.tgz",
			"integrity": "sha512-Yf6mx5oYEbQQJxWuW7X3t1gcxqbUx52qC9SMS3saC2ruOVYEyqmr5zSW6k3wXflDjjFrPhar3kp68ugRopmlzg==",
			"requires": {
				"stylelint-config-recommended": "^4.0.0"
			}
		},
		"stylelint-prettier": {
			"version": "1.1.2",
			"resolved": "https://registry.npmjs.org/stylelint-prettier/-/stylelint-prettier-1.1.2.tgz",
			"integrity": "sha512-8QZ+EtBpMCXYB6cY0hNE3aCDKMySIx4Q8/malLaqgU/KXXa6Cj2KK8ulG1AJvUMD5XSSP8rOotqaCzR/BW6qAA==",
			"requires": {
				"prettier-linter-helpers": "^1.0.0"
			}
		}
	}
}
