{
	"name": "@dan-nz/stylelint-config",
	"version": "0.7.22",
	"lockfileVersion": 1,
	"requires": true,
	"dependencies": {
		"fast-diff": {
			"version": "1.2.0",
			"resolved": "https://registry.npmjs.org/fast-diff/-/fast-diff-1.2.0.tgz",
			"integrity": "sha512-xJuoT5+L99XlZ8twedaRf6Ax2TgQVxvgZOYoPKqZufmJib0tL2tegPBOZb1pVNgIhlqDlA0eO0c3wBvQcmzx4w=="
		},
		"prettier-linter-helpers": {
			"version": "1.0.0",
			"resolved": "https://registry.npmjs.org/prettier-linter-helpers/-/prettier-linter-helpers-1.0.0.tgz",
			"integrity": "sha512-GbK2cP9nraSSUF9N2XwUwqfzlAFlMNYYl+ShE/V+H8a9uNl/oUqB1w2EL54Jh0OlyRSd8RfWYJ3coVS4TROP2w==",
			"requires": {
				"fast-diff": "^1.1.2"
			}
		},
		"stylelint-config-prettier": {
			"version": "8.0.1",
			"resolved": "https://registry.npmjs.org/stylelint-config-prettier/-/stylelint-config-prettier-8.0.1.tgz",
			"integrity": "sha512-RcjNW7MUaNVqONhJH4+rtlAE3ow/9SsAM0YWV0Lgu3dbTKdWTa/pQXRdFWgoHWpzUKn+9oBKR5x8JdH+20wmgw=="
		},
		"stylelint-config-recommended": {
			"version": "3.0.0",
			"resolved": "https://registry.npmjs.org/stylelint-config-recommended/-/stylelint-config-recommended-3.0.0.tgz",
			"integrity": "sha512-F6yTRuc06xr1h5Qw/ykb2LuFynJ2IxkKfCMf+1xqPffkxh0S09Zc902XCffcsw/XMFq/OzQ1w54fLIDtmRNHnQ=="
		},
		"stylelint-config-standard": {
			"version": "20.0.0",
			"resolved": "https://registry.npmjs.org/stylelint-config-standard/-/stylelint-config-standard-20.0.0.tgz",
			"integrity": "sha512-IB2iFdzOTA/zS4jSVav6z+wGtin08qfj+YyExHB3LF9lnouQht//YyB0KZq9gGz5HNPkddHOzcY8HsUey6ZUlA==",
			"requires": {
				"stylelint-config-recommended": "^3.0.0"
			}
		},
		"stylelint-prettier": {
			"version": "1.1.2",
			"resolved": "https://registry.npmjs.org/stylelint-prettier/-/stylelint-prettier-1.1.2.tgz",
			"integrity": "sha512-8QZ+EtBpMCXYB6cY0hNE3aCDKMySIx4Q8/malLaqgU/KXXa6Cj2KK8ulG1AJvUMD5XSSP8rOotqaCzR/BW6qAA==",
			"requires": {
				"prettier-linter-helpers": "^1.0.0"
			}
		}
	}
}
